{
    "_readme": [
        "This file locks the dependencies of your project to a known state",
        "Read more about it at https://getcomposer.org/doc/01-basic-usage.md#installing-dependencies",
        "This file is @generated automatically"
    ],
    "content-hash": "153f7bf3b88ae881105f2e8c662849e2",
    "packages": [
        {
            "name": "bcosca/fatfree-core",
            "version": "3.9.3",
            "source": {
                "type": "git",
                "url": "https://github.com/f3-factory/fatfree-core.git",
                "reference": "fc299466eaa064cce0ec9ceca23a8c8c7b774888"
            },
            "dist": {
                "type": "zip",
                "url": "https://api.github.com/repos/f3-factory/fatfree-core/zipball/fc299466eaa064cce0ec9ceca23a8c8c7b774888",
                "reference": "fc299466eaa064cce0ec9ceca23a8c8c7b774888",
                "shasum": ""
            },
            "require": {
                "php": ">=7.2"
            },
            "type": "library",
            "autoload": {
                "classmap": [
                    "."
                ]
            },
            "notification-url": "https://packagist.org/downloads/",
            "license": [
                "GPL-3.0"
            ],
            "description": "A powerful yet easy-to-use PHP micro-framework designed to help you build dynamic and robust Web applications - fast!",
            "homepage": "http://fatfreeframework.com/",
            "support": {
                "issues": "https://github.com/f3-factory/fatfree-core/issues",
                "source": "https://github.com/f3-factory/fatfree-core/tree/3.9.3"
            },
            "funding": [
                {
                    "url": "https://www.buymeacoffee.com/ikkez",
                    "type": "buy_me_a_coffee"
                },
                {
                    "url": "https://github.com/ikkez",
                    "type": "github"
                }
            ],
            "time": "2026-07-21T23:24:48+00:00"
        },
        {
            "name": "ikkez/f3-cortex",
            "version": "v1.7.8",
            "source": {
                "type": "git",
                "url": "https://github.com/ikkez/f3-cortex.git",
                "reference": "79468b7a04695ad343b2f4d7dbdbe575a6b08a35"
            },
            "dist": {
                "type": "zip",
                "url": "https://api.github.com/repos/ikkez/f3-cortex/zipball/79468b7a04695ad343b2f4d7dbdbe575a6b08a35",
                "reference": "79468b7a04695ad343b2f4d7dbdbe575a6b08a35",
                "shasum": ""
            },
            "require": {
                "ikkez/f3-schema-builder": "2.*"
            },
            "type": "library",
            "autoload": {
                "classmap": [
                    "lib/"
                ]
            },
            "notification-url": "https://packagist.org/downloads/",
            "license": [
                "GPL-3.0"
            ],
            "description": "A multi-engine ORM / ODM for the PHP Fat-Free Framework",
            "homepage": "https://github.com/ikkez/f3-cortex",
            "keywords": [
                "F3",
                "fatfree",
                "mongo",
                "orm",
                "sql"
            ],
            "support": {
                "issues": "https://github.com/ikkez/f3-cortex/issues",
                "source": "https://github.com/ikkez/f3-cortex/tree/v1.7.8"
            },
            "funding": [
                {
                    "url": "https://www.buymeacoffee.com/ikkez",
                    "type": "buy_me_a_coffee"
                },
                {
                    "url": "https://github.com/ikkez",
                    "type": "github"
                }
            ],
            "time": "2025-02-25T00:25:02+00:00"
        },
        {
            "name": "ikkez/f3-schema-builder",
            "version": "v2.2.6",
            "source": {
                "type": "git",
                "url": "https://github.com/ikkez/f3-schema-builder.git",
                "reference": "1fc4cf37e4683037d35a8536232bcacbf7f4dd0b"
            },
            "dist": {
                "type": "zip",
                "url": "https://api.github.com/repos/ikkez/f3-schema-builder/zipball/1fc4cf37e4683037d35a8536232bcacbf7f4dd0b",
                "reference": "1fc4cf37e4683037d35a8536232bcacbf7f4dd0b",
                "shasum": ""
            },
            "require": {
                "bcosca/fatfree-core": "^3.6"
            },
            "type": "library",
            "autoload": {
                "classmap": [
                    "lib/"
                ]
            },
            "notification-url": "https://packagist.org/downloads/",
            "license": [
                "GPL-3.0"
            ],
            "description": "SQL Schema Builder Plugin for PHP Fat-Free Framework",
            "homepage": "https://github.com/ikkez/f3-schema-builder",
            "keywords": [
                "F3",
                "fatfree",
                "sql"
            ],
            "support": {
                "issues": "https://github.com/ikkez/f3-schema-builder/issues",
                "source": "https://github.com/ikkez/f3-schema-builder/tree/v2.2.6"
            },
            "time": "2023-02-13T19:12:50+00:00"
        }
    ],
    "packages-dev": [],
    "aliases": [],
    "minimum-stability": "stable",
    "stability-flags": {},
    "prefer-stable": false,
    "prefer-lowest": false,
    "platform": {},
    "platform-dev": {},
    "plugin-api-version": "2.9.0"
}
